
Microsoft Visual Studio Solution File, Format Version 12.00
# Visual Studio Version 17
VisualStudioVersion = 17.14.36705.20
MinimumVisualStudioVersion = 10.0.40219.1
Project("{8BC9CEB8-8B4A-11D0-8D11-00A0C91BC942}") = "PolyLib", "libpolyml\PolyLib.vcxproj", "{0BA5D5B5-F85B-4C49-8A27-67186FA68922}"
EndProject
Project("{8BC9CEB8-8B4A-11D0-8D11-00A0C91BC942}") = "PolyML", "PolyML\PolyML.vcxproj", "{DF3B373E-67DF-4AB4-8B1E-F54C5810E2CF}"
EndProject
Project("{8BC9CEB8-8B4A-11D0-8D11-00A0C91BC942}") = "PolyMainLib", "libpolymain\PolyMainLib.vcxproj", "{0326C47A-00AF-42CB-B87D-0369A241B570}"
EndProject
Project("{8BC9CEB8-8B4A-11D0-8D11-00A0C91BC942}") = "PolyPerf", "PolyPerf\PolyPerf.vcxproj", "{D9F58E8D-5FCD-4401-8D88-0C28732BD77B}"
EndProject
Project("{930C7802-8A8C-48F9-8165-68863BCCD9DD}") = "wininstall", "wininstall\wininstall.wixproj", "{788BA1C9-699E-4F92-9FAF-C7437A419042}"
EndProject
Project("{8BC9CEB8-8B4A-11D0-8D11-00A0C91BC942}") = "polyicon", "wininstall\polyicon\polyicon.vcxproj", "{D4DF6521-6183-4E24-A327-55C72519836E}"
EndProject
Project("{8BC9CEB8-8B4A-11D0-8D11-00A0C91BC942}") = "PolyImport", "PolyImp\PolyImport.vcxproj", "{1BA3E7A2-D64F-4CE3-9FE5-7846B855C19F}"
EndProject
Global
	GlobalSection(SolutionConfigurationPlatforms) = preSolution
		Debug|ARM64 = Debug|ARM64
		Debug|x64 = Debug|x64
		Debug|x86 = Debug|x86
		Debug32in64|ARM64 = Debug32in64|ARM64
		Debug32in64|x64 = Debug32in64|x64
		Debug32in64|x86 = Debug32in64|x86
		Debug32in64Large|ARM64 = Debug32in64Large|ARM64
		Debug32in64Large|x64 = Debug32in64Large|x64
		Debug32in64Large|x86 = Debug32in64Large|x86
		DebugInt32in64|ARM64 = DebugInt32in64|ARM64
		DebugInt32in64|x64 = DebugInt32in64|x64
		DebugInt32in64|x86 = DebugInt32in64|x86
		DebugInterpreted|ARM64 = DebugInterpreted|ARM64
		DebugInterpreted|x64 = DebugInterpreted|x64
		DebugInterpreted|x86 = DebugInterpreted|x86
		Release|ARM64 = Release|ARM64
		Release|x64 = Release|x64
		Release|x86 = Release|x86
		Release32in64|ARM64 = Release32in64|ARM64
		Release32in64|x64 = Release32in64|x64
		Release32in64|x86 = Release32in64|x86
		Release32in64Large|ARM64 = Release32in64Large|ARM64
		Release32in64Large|x64 = Release32in64Large|x64
		Release32in64Large|x86 = Release32in64Large|x86
		ReleaseInt32in64|ARM64 = ReleaseInt32in64|ARM64
		ReleaseInt32in64|x64 = ReleaseInt32in64|x64
		ReleaseInt32in64|x86 = ReleaseInt32in64|x86
		ReleaseInterpreted|ARM64 = ReleaseInterpreted|ARM64
		ReleaseInterpreted|x64 = ReleaseInterpreted|x64
		ReleaseInterpreted|x86 = ReleaseInterpreted|x86
	EndGlobalSection
	GlobalSection(ProjectConfigurationPlatforms) = postSolution
		{0BA5D5B5-F85B-4C49-8A27-67186FA68922}.Debug|ARM64.ActiveCfg = Debug|ARM64
		{0BA5D5B5-F85B-4C49-8A27-67186FA68922}.Debug|ARM64.Build.0 = Debug|ARM64
		{0BA5D5B5-F85B-4C49-8A27-67186FA68922}.Debug|x64.ActiveCfg = Debug|x64
		{0BA5D5B5-F85B-4C49-8A27-67186FA68922}.Debug|x64.Build.0 = Debug|x64
		{0BA5D5B5-F85B-4C49-8A27-67186FA68922}.Debug|x86.ActiveCfg = Debug|Win32
		{0BA5D5B5-F85B-4C49-8A27-67186FA68922}.Debug|x86.Build.0 = Debug|Win32
		{0BA5D5B5-F85B-4C49-8A27-67186FA68922}.Debug32in64|ARM64.ActiveCfg = Debug32in64|ARM64
		{0BA5D5B5-F85B-4C49-8A27-67186FA68922}.Debug32in64|ARM64.Build.0 = Debug32in64|ARM64
		{0BA5D5B5-F85B-4C49-8A27-67186FA68922}.Debug32in64|x64.ActiveCfg = Debug32in64|x64
		{0BA5D5B5-F85B-4C49-8A27-67186FA68922}.Debug32in64|x64.Build.0 = Debug32in64|x64
		{0BA5D5B5-F85B-4C49-8A27-67186FA68922}.Debug32in64|x86.ActiveCfg = Debug32in64|Win32
		{0BA5D5B5-F85B-4C49-8A27-67186FA68922}.Debug32in64Large|ARM64.ActiveCfg = Debug32in64Large|ARM64
		{0BA5D5B5-F85B-4C49-8A27-67186FA68922}.Debug32in64Large|ARM64.Build.0 = Debug32in64Large|ARM64
		{0BA5D5B5-F85B-4C49-8A27-67186FA68922}.Debug32in64Large|x64.ActiveCfg = Debug32in64Large|x64
		{0BA5D5B5-F85B-4C49-8A27-67186FA68922}.Debug32in64Large|x64.Build.0 = Debug32in64Large|x64
		{0BA5D5B5-F85B-4C49-8A27-67186FA68922}.Debug32in64Large|x86.ActiveCfg = Debug32in64Large|Win32
		{0BA5D5B5-F85B-4C49-8A27-67186FA68922}.Debug32in64Large|x86.Build.0 = Debug32in64Large|Win32
		{0BA5D5B5-F85B-4C49-8A27-67186FA68922}.DebugInt32in64|ARM64.ActiveCfg = DebugInt32in64|ARM64
		{0BA5D5B5-F85B-4C49-8A27-67186FA68922}.DebugInt32in64|ARM64.Build.0 = DebugInt32in64|ARM64
		{0BA5D5B5-F85B-4C49-8A27-67186FA68922}.DebugInt32in64|x64.ActiveCfg = DebugInt32in64|x64
		{0BA5D5B5-F85B-4C49-8A27-67186FA68922}.DebugInt32in64|x64.Build.0 = DebugInt32in64|x64
		{0BA5D5B5-F85B-4C49-8A27-67186FA68922}.DebugInt32in64|x86.ActiveCfg = DebugInt32in64|Win32
		{0BA5D5B5-F85B-4C49-8A27-67186FA68922}.DebugInterpreted|ARM64.ActiveCfg = DebugInterpreted|ARM64
		{0BA5D5B5-F85B-4C49-8A27-67186FA68922}.DebugInterpreted|ARM64.Build.0 = DebugInterpreted|ARM64
		{0BA5D5B5-F85B-4C49-8A27-67186FA68922}.DebugInterpreted|x64.ActiveCfg = DebugInterpreted|x64
		{0BA5D5B5-F85B-4C49-8A27-67186FA68922}.DebugInterpreted|x64.Build.0 = DebugInterpreted|x64
		{0BA5D5B5-F85B-4C49-8A27-67186FA68922}.DebugInterpreted|x86.ActiveCfg = DebugInterpreted|Win32
		{0BA5D5B5-F85B-4C49-8A27-67186FA68922}.DebugInterpreted|x86.Build.0 = DebugInterpreted|Win32
		{0BA5D5B5-F85B-4C49-8A27-67186FA68922}.Release|ARM64.ActiveCfg = Release|ARM64
		{0BA5D5B5-F85B-4C49-8A27-67186FA68922}.Release|ARM64.Build.0 = Release|ARM64
		{0BA5D5B5-F85B-4C49-8A27-67186FA68922}.Release|x64.ActiveCfg = Release|x64
		{0BA5D5B5-F85B-4C49-8A27-67186FA68922}.Release|x64.Build.0 = Release|x64
		{0BA5D5B5-F85B-4C49-8A27-67186FA68922}.Release|x86.ActiveCfg = Release|Win32
		{0BA5D5B5-F85B-4C49-8A27-67186FA68922}.Release|x86.Build.0 = Release|Win32
		{0BA5D5B5-F85B-4C49-8A27-67186FA68922}.Release32in64|ARM64.ActiveCfg = Release32in64|ARM64
		{0BA5D5B5-F85B-4C49-8A27-67186FA68922}.Release32in64|ARM64.Build.0 = Release32in64|ARM64
		{0BA5D5B5-F85B-4C49-8A27-67186FA68922}.Release32in64|x64.ActiveCfg = Release32in64|x64
		{0BA5D5B5-F85B-4C49-8A27-67186FA68922}.Release32in64|x64.Build.0 = Release32in64|x64
		{0BA5D5B5-F85B-4C49-8A27-67186FA68922}.Release32in64|x86.ActiveCfg = Release32in64|Win32
		{0BA5D5B5-F85B-4C49-8A27-67186FA68922}.Release32in64Large|ARM64.ActiveCfg = Release32in64Large|ARM64
		{0BA5D5B5-F85B-4C49-8A27-67186FA68922}.Release32in64Large|ARM64.Build.0 = Release32in64Large|ARM64
		{0BA5D5B5-F85B-4C49-8A27-67186FA68922}.Release32in64Large|x64.ActiveCfg = Release32in64Large|x64
		{0BA5D5B5-F85B-4C49-8A27-67186FA68922}.Release32in64Large|x64.Build.0 = Release32in64Large|x64
		{0BA5D5B5-F85B-4C49-8A27-67186FA68922}.Release32in64Large|x86.ActiveCfg = Release32in64Large|Win32
		{0BA5D5B5-F85B-4C49-8A27-67186FA68922}.Release32in64Large|x86.Build.0 = Release32in64Large|Win32
		{0BA5D5B5-F85B-4C49-8A27-67186FA68922}.ReleaseInt32in64|ARM64.ActiveCfg = ReleaseInt32in64|ARM64
		{0BA5D5B5-F85B-4C49-8A27-67186FA68922}.ReleaseInt32in64|ARM64.Build.0 = ReleaseInt32in64|ARM64
		{0BA5D5B5-F85B-4C49-8A27-67186FA68922}.ReleaseInt32in64|x64.ActiveCfg = ReleaseInt32in64|x64
		{0BA5D5B5-F85B-4C49-8A27-67186FA68922}.ReleaseInt32in64|x64.Build.0 = ReleaseInt32in64|x64
		{0BA5D5B5-F85B-4C49-8A27-67186FA68922}.ReleaseInt32in64|x86.ActiveCfg = ReleaseInt32in64|Win32
		{0BA5D5B5-F85B-4C49-8A27-67186FA68922}.ReleaseInterpreted|ARM64.ActiveCfg = ReleaseInterpreted|ARM64
		{0BA5D5B5-F85B-4C49-8A27-67186FA68922}.ReleaseInterpreted|ARM64.Build.0 = ReleaseInterpreted|ARM64
		{0BA5D5B5-F85B-4C49-8A27-67186FA68922}.ReleaseInterpreted|x64.ActiveCfg = ReleaseInterpreted|x64
		{0BA5D5B5-F85B-4C49-8A27-67186FA68922}.ReleaseInterpreted|x64.Build.0 = ReleaseInterpreted|x64
		{0BA5D5B5-F85B-4C49-8A27-67186FA68922}.ReleaseInterpreted|x86.ActiveCfg = ReleaseInterpreted|Win32
		{0BA5D5B5-F85B-4C49-8A27-67186FA68922}.ReleaseInterpreted|x86.Build.0 = ReleaseInterpreted|Win32
		{DF3B373E-67DF-4AB4-8B1E-F54C5810E2CF}.Debug|ARM64.ActiveCfg = Debug|ARM64
		{DF3B373E-67DF-4AB4-8B1E-F54C5810E2CF}.Debug|ARM64.Build.0 = Debug|ARM64
		{DF3B373E-67DF-4AB4-8B1E-F54C5810E2CF}.Debug|x64.ActiveCfg = Debug|x64
		{DF3B373E-67DF-4AB4-8B1E-F54C5810E2CF}.Debug|x64.Build.0 = Debug|x64
		{DF3B373E-67DF-4AB4-8B1E-F54C5810E2CF}.Debug|x86.ActiveCfg = Debug|Win32
		{DF3B373E-67DF-4AB4-8B1E-F54C5810E2CF}.Debug|x86.Build.0 = Debug|Win32
		{DF3B373E-67DF-4AB4-8B1E-F54C5810E2CF}.Debug32in64|ARM64.ActiveCfg = Debug32in64|ARM64
		{DF3B373E-67DF-4AB4-8B1E-F54C5810E2CF}.Debug32in64|ARM64.Build.0 = Debug32in64|ARM64
		{DF3B373E-67DF-4AB4-8B1E-F54C5810E2CF}.Debug32in64|x64.ActiveCfg = Debug32in64|x64
		{DF3B373E-67DF-4AB4-8B1E-F54C5810E2CF}.Debug32in64|x64.Build.0 = Debug32in64|x64
		{DF3B373E-67DF-4AB4-8B1E-F54C5810E2CF}.Debug32in64|x86.ActiveCfg = Debug32in64|Win32
		{DF3B373E-67DF-4AB4-8B1E-F54C5810E2CF}.Debug32in64Large|ARM64.ActiveCfg = Debug32in64Large|ARM64
		{DF3B373E-67DF-4AB4-8B1E-F54C5810E2CF}.Debug32in64Large|ARM64.Build.0 = Debug32in64Large|ARM64
		{DF3B373E-67DF-4AB4-8B1E-F54C5810E2CF}.Debug32in64Large|x64.ActiveCfg = Debug32in64Large|x64
		{DF3B373E-67DF-4AB4-8B1E-F54C5810E2CF}.Debug32in64Large|x64.Build.0 = Debug32in64Large|x64
		{DF3B373E-67DF-4AB4-8B1E-F54C5810E2CF}.Debug32in64Large|x86.ActiveCfg = Debug32in64Large|Win32
		{DF3B373E-67DF-4AB4-8B1E-F54C5810E2CF}.Debug32in64Large|x86.Build.0 = Debug32in64Large|Win32
		{DF3B373E-67DF-4AB4-8B1E-F54C5810E2CF}.DebugInt32in64|ARM64.ActiveCfg = DebugInt32in64|ARM64
		{DF3B373E-67DF-4AB4-8B1E-F54C5810E2CF}.DebugInt32in64|ARM64.Build.0 = DebugInt32in64|ARM64
		{DF3B373E-67DF-4AB4-8B1E-F54C5810E2CF}.DebugInt32in64|x64.ActiveCfg = DebugInt32in64|x64
		{DF3B373E-67DF-4AB4-8B1E-F54C5810E2CF}.DebugInt32in64|x64.Build.0 = DebugInt32in64|x64
		{DF3B373E-67DF-4AB4-8B1E-F54C5810E2CF}.DebugInt32in64|x86.ActiveCfg = DebugInt32in64|Win32
		{DF3B373E-67DF-4AB4-8B1E-F54C5810E2CF}.DebugInterpreted|ARM64.ActiveCfg = DebugInterpreted|ARM64
		{DF3B373E-67DF-4AB4-8B1E-F54C5810E2CF}.DebugInterpreted|ARM64.Build.0 = DebugInterpreted|ARM64
		{DF3B373E-67DF-4AB4-8B1E-F54C5810E2CF}.DebugInterpreted|x64.ActiveCfg = DebugInterpreted|x64
		{DF3B373E-67DF-4AB4-8B1E-F54C5810E2CF}.DebugInterpreted|x64.Build.0 = DebugInterpreted|x64
		{DF3B373E-67DF-4AB4-8B1E-F54C5810E2CF}.DebugInterpreted|x86.ActiveCfg = DebugInterpreted|Win32
		{DF3B373E-67DF-4AB4-8B1E-F54C5810E2CF}.DebugInterpreted|x86.Build.0 = DebugInterpreted|Win32
		{DF3B373E-67DF-4AB4-8B1E-F54C5810E2CF}.Release|ARM64.ActiveCfg = Release|ARM64
		{DF3B373E-67DF-4AB4-8B1E-F54C5810E2CF}.Release|ARM64.Build.0 = Release|ARM64
		{DF3B373E-67DF-4AB4-8B1E-F54C5810E2CF}.Release|x64.ActiveCfg = Release|x64
		{DF3B373E-67DF-4AB4-8B1E-F54C5810E2CF}.Release|x64.Build.0 = Release|x64
		{DF3B373E-67DF-4AB4-8B1E-F54C5810E2CF}.Release|x86.ActiveCfg = Release|Win32
		{DF3B373E-67DF-4AB4-8B1E-F54C5810E2CF}.Release|x86.Build.0 = Release|Win32
		{DF3B373E-67DF-4AB4-8B1E-F54C5810E2CF}.Release32in64|ARM64.ActiveCfg = Release32in64|ARM64
		{DF3B373E-67DF-4AB4-8B1E-F54C5810E2CF}.Release32in64|ARM64.Build.0 = Release32in64|ARM64
		{DF3B373E-67DF-4AB4-8B1E-F54C5810E2CF}.Release32in64|x64.ActiveCfg = Release32in64|x64
		{DF3B373E-67DF-4AB4-8B1E-F54C5810E2CF}.Release32in64|x64.Build.0 = Release32in64|x64
		{DF3B373E-67DF-4AB4-8B1E-F54C5810E2CF}.Release32in64|x86.ActiveCfg = Release32in64|Win32
		{DF3B373E-67DF-4AB4-8B1E-F54C5810E2CF}.Release32in64Large|ARM64.ActiveCfg = Release32in64Large|ARM64
		{DF3B373E-67DF-4AB4-8B1E-F54C5810E2CF}.Release32in64Large|ARM64.Build.0 = Release32in64Large|ARM64
		{DF3B373E-67DF-4AB4-8B1E-F54C5810E2CF}.Release32in64Large|x64.ActiveCfg = Release32in64Large|x64
		{DF3B373E-67DF-4AB4-8B1E-F54C5810E2CF}.Release32in64Large|x64.Build.0 = Release32in64Large|x64
		{DF3B373E-67DF-4AB4-8B1E-F54C5810E2CF}.Release32in64Large|x86.ActiveCfg = Release32in64Large|Win32
		{DF3B373E-67DF-4AB4-8B1E-F54C5810E2CF}.Release32in64Large|x86.Build.0 = Release32in64Large|Win32
		{DF3B373E-67DF-4AB4-8B1E-F54C5810E2CF}.ReleaseInt32in64|ARM64.ActiveCfg = ReleaseInt32in64|ARM64
		{DF3B373E-67DF-4AB4-8B1E-F54C5810E2CF}.ReleaseInt32in64|ARM64.Build.0 = ReleaseInt32in64|ARM64
		{DF3B373E-67DF-4AB4-8B1E-F54C5810E2CF}.ReleaseInt32in64|x64.ActiveCfg = ReleaseInt32in64|x64
		{DF3B373E-67DF-4AB4-8B1E-F54C5810E2CF}.ReleaseInt32in64|x64.Build.0 = ReleaseInt32in64|x64
		{DF3B373E-67DF-4AB4-8B1E-F54C5810E2CF}.ReleaseInt32in64|x86.ActiveCfg = ReleaseInt32in64|Win32
		{DF3B373E-67DF-4AB4-8B1E-F54C5810E2CF}.ReleaseInterpreted|ARM64.ActiveCfg = ReleaseInterpreted|ARM64
		{DF3B373E-67DF-4AB4-8B1E-F54C5810E2CF}.ReleaseInterpreted|ARM64.Build.0 = ReleaseInterpreted|ARM64
		{DF3B373E-67DF-4AB4-8B1E-F54C5810E2CF}.ReleaseInterpreted|x64.ActiveCfg = ReleaseInterpreted|x64
		{DF3B373E-67DF-4AB4-8B1E-F54C5810E2CF}.ReleaseInterpreted|x64.Build.0 = ReleaseInterpreted|x64
		{DF3B373E-67DF-4AB4-8B1E-F54C5810E2CF}.ReleaseInterpreted|x86.ActiveCfg = ReleaseInterpreted|Win32
		{DF3B373E-67DF-4AB4-8B1E-F54C5810E2CF}.ReleaseInterpreted|x86.Build.0 = ReleaseInterpreted|Win32
		{0326C47A-00AF-42CB-B87D-0369A241B570}.Debug|ARM64.ActiveCfg = Debug|ARM64
		{0326C47A-00AF-42CB-B87D-0369A241B570}.Debug|ARM64.Build.0 = Debug|ARM64
		{0326C47A-00AF-42CB-B87D-0369A241B570}.Debug|x64.ActiveCfg = Debug|x64
		{0326C47A-00AF-42CB-B87D-0369A241B570}.Debug|x64.Build.0 = Debug|x64
		{0326C47A-00AF-42CB-B87D-0369A241B570}.Debug|x86.ActiveCfg = Debug|Win32
		{0326C47A-00AF-42CB-B87D-0369A241B570}.Debug|x86.Build.0 = Debug|Win32
		{0326C47A-00AF-42CB-B87D-0369A241B570}.Debug32in64|ARM64.ActiveCfg = Debug32in64|ARM64
		{0326C47A-00AF-42CB-B87D-0369A241B570}.Debug32in64|ARM64.Build.0 = Debug32in64|ARM64
		{0326C47A-00AF-42CB-B87D-0369A241B570}.Debug32in64|x64.ActiveCfg = Debug32in64|x64
		{0326C47A-00AF-42CB-B87D-0369A241B570}.Debug32in64|x64.Build.0 = Debug32in64|x64
		{0326C47A-00AF-42CB-B87D-0369A241B570}.Debug32in64|x86.ActiveCfg = Debug32in64|Win32
		{0326C47A-00AF-42CB-B87D-0369A241B570}.Debug32in64Large|ARM64.ActiveCfg = Debug32in64Large|ARM64
		{0326C47A-00AF-42CB-B87D-0369A241B570}.Debug32in64Large|ARM64.Build.0 = Debug32in64Large|ARM64
		{0326C47A-00AF-42CB-B87D-0369A241B570}.Debug32in64Large|x64.ActiveCfg = Debug32in64Large|x64
		{0326C47A-00AF-42CB-B87D-0369A241B570}.Debug32in64Large|x64.Build.0 = Debug32in64Large|x64
		{0326C47A-00AF-42CB-B87D-0369A241B570}.Debug32in64Large|x86.ActiveCfg = Debug32in64Large|Win32
		{0326C47A-00AF-42CB-B87D-0369A241B570}.Debug32in64Large|x86.Build.0 = Debug32in64Large|Win32
		{0326C47A-00AF-42CB-B87D-0369A241B570}.DebugInt32in64|ARM64.ActiveCfg = DebugInt32in64|ARM64
		{0326C47A-00AF-42CB-B87D-0369A241B570}.DebugInt32in64|ARM64.Build.0 = DebugInt32in64|ARM64
		{0326C47A-00AF-42CB-B87D-0369A241B570}.DebugInt32in64|x64.ActiveCfg = DebugInt32in64|x64
		{0326C47A-00AF-42CB-B87D-0369A241B570}.DebugInt32in64|x64.Build.0 = DebugInt32in64|x64
		{0326C47A-00AF-42CB-B87D-0369A241B570}.DebugInt32in64|x86.ActiveCfg = DebugInt32in64|Win32
		{0326C47A-00AF-42CB-B87D-0369A241B570}.DebugInterpreted|ARM64.ActiveCfg = DebugInterpreted|ARM64
		{0326C47A-00AF-42CB-B87D-0369A241B570}.DebugInterpreted|ARM64.Build.0 = DebugInterpreted|ARM64
		{0326C47A-00AF-42CB-B87D-0369A241B570}.DebugInterpreted|x64.ActiveCfg = DebugInterpreted|x64
		{0326C47A-00AF-42CB-B87D-0369A241B570}.DebugInterpreted|x64.Build.0 = DebugInterpreted|x64
		{0326C47A-00AF-42CB-B87D-0369A241B570}.DebugInterpreted|x86.ActiveCfg = DebugInterpreted|Win32
		{0326C47A-00AF-42CB-B87D-0369A241B570}.DebugInterpreted|x86.Build.0 = DebugInterpreted|Win32
		{0326C47A-00AF-42CB-B87D-0369A241B570}.Release|ARM64.ActiveCfg = Release|ARM64
		{0326C47A-00AF-42CB-B87D-0369A241B570}.Release|ARM64.Build.0 = Release|ARM64
		{0326C47A-00AF-42CB-B87D-0369A241B570}.Release|x64.ActiveCfg = Release|x64
		{0326C47A-00AF-42CB-B87D-0369A241B570}.Release|x64.Build.0 = Release|x64
		{0326C47A-00AF-42CB-B87D-0369A241B570}.Release|x86.ActiveCfg = Release|Win32
		{0326C47A-00AF-42CB-B87D-0369A241B570}.Release|x86.Build.0 = Release|Win32
		{0326C47A-00AF-42CB-B87D-0369A241B570}.Release32in64|ARM64.ActiveCfg = Release32in64|ARM64
		{0326C47A-00AF-42CB-B87D-0369A241B570}.Release32in64|ARM64.Build.0 = Release32in64|ARM64
		{0326C47A-00AF-42CB-B87D-0369A241B570}.Release32in64|x64.ActiveCfg = Release32in64|x64
		{0326C47A-00AF-42CB-B87D-0369A241B570}.Release32in64|x64.Build.0 = Release32in64|x64
		{0326C47A-00AF-42CB-B87D-0369A241B570}.Release32in64|x86.ActiveCfg = Release32in64|Win32
		{0326C47A-00AF-42CB-B87D-0369A241B570}.Release32in64Large|ARM64.ActiveCfg = Release32in64Large|ARM64
		{0326C47A-00AF-42CB-B87D-0369A241B570}.Release32in64Large|ARM64.Build.0 = Release32in64Large|ARM64
		{0326C47A-00AF-42CB-B87D-0369A241B570}.Release32in64Large|x64.ActiveCfg = Release32in64Large|x64
		{0326C47A-00AF-42CB-B87D-0369A241B570}.Release32in64Large|x64.Build.0 = Release32in64Large|x64
		{0326C47A-00AF-42CB-B87D-0369A241B570}.Release32in64Large|x86.ActiveCfg = Release32in64Large|Win32
		{0326C47A-00AF-42CB-B87D-0369A241B570}.Release32in64Large|x86.Build.0 = Release32in64Large|Win32
		{0326C47A-00AF-42CB-B87D-0369A241B570}.ReleaseInt32in64|ARM64.ActiveCfg = ReleaseInt32in64|ARM64
		{0326C47A-00AF-42CB-B87D-0369A241B570}.ReleaseInt32in64|ARM64.Build.0 = ReleaseInt32in64|ARM64
		{0326C47A-00AF-42CB-B87D-0369A241B570}.ReleaseInt32in64|x64.ActiveCfg = ReleaseInt32in64|x64
		{0326C47A-00AF-42CB-B87D-0369A241B570}.ReleaseInt32in64|x64.Build.0 = ReleaseInt32in64|x64
		{0326C47A-00AF-42CB-B87D-0369A241B570}.ReleaseInt32in64|x86.ActiveCfg = ReleaseInt32in64|Win32
		{0326C47A-00AF-42CB-B87D-0369A241B570}.ReleaseInterpreted|ARM64.ActiveCfg = ReleaseInterpreted|ARM64
		{0326C47A-00AF-42CB-B87D-0369A241B570}.ReleaseInterpreted|ARM64.Build.0 = ReleaseInterpreted|ARM64
		{0326C47A-00AF-42CB-B87D-0369A241B570}.ReleaseInterpreted|x64.ActiveCfg = ReleaseInterpreted|x64
		{0326C47A-00AF-42CB-B87D-0369A241B570}.ReleaseInterpreted|x64.Build.0 = ReleaseInterpreted|x64
		{0326C47A-00AF-42CB-B87D-0369A241B570}.ReleaseInterpreted|x86.ActiveCfg = ReleaseInterpreted|Win32
		{0326C47A-00AF-42CB-B87D-0369A241B570}.ReleaseInterpreted|x86.Build.0 = ReleaseInterpreted|Win32
		{D9F58E8D-5FCD-4401-8D88-0C28732BD77B}.Debug|ARM64.ActiveCfg = Debug|ARM64
		{D9F58E8D-5FCD-4401-8D88-0C28732BD77B}.Debug|ARM64.Build.0 = Debug|ARM64
		{D9F58E8D-5FCD-4401-8D88-0C28732BD77B}.Debug|x64.ActiveCfg = Debug|x64
		{D9F58E8D-5FCD-4401-8D88-0C28732BD77B}.Debug|x64.Build.0 = Debug|x64
		{D9F58E8D-5FCD-4401-8D88-0C28732BD77B}.Debug|x86.ActiveCfg = Debug|Win32
		{D9F58E8D-5FCD-4401-8D88-0C28732BD77B}.Debug|x86.Build.0 = Debug|Win32
		{D9F58E8D-5FCD-4401-8D88-0C28732BD77B}.Debug32in64|ARM64.ActiveCfg = Debug32in64|ARM64
		{D9F58E8D-5FCD-4401-8D88-0C28732BD77B}.Debug32in64|ARM64.Build.0 = Debug32in64|ARM64
		{D9F58E8D-5FCD-4401-8D88-0C28732BD77B}.Debug32in64|x64.ActiveCfg = Debug32in64|x64
		{D9F58E8D-5FCD-4401-8D88-0C28732BD77B}.Debug32in64|x86.ActiveCfg = Debug32in64|Win32
		{D9F58E8D-5FCD-4401-8D88-0C28732BD77B}.Debug32in64Large|ARM64.ActiveCfg = Debug32in64Large|ARM64
		{D9F58E8D-5FCD-4401-8D88-0C28732BD77B}.Debug32in64Large|x64.ActiveCfg = Debug32in64Large|x64
		{D9F58E8D-5FCD-4401-8D88-0C28732BD77B}.Debug32in64Large|x86.ActiveCfg = Debug32in64Large|Win32
		{D9F58E8D-5FCD-4401-8D88-0C28732BD77B}.DebugInt32in64|ARM64.ActiveCfg = DebugInt32in64|ARM64
		{D9F58E8D-5FCD-4401-8D88-0C28732BD77B}.DebugInt32in64|x64.ActiveCfg = DebugInt32in64|x64
		{D9F58E8D-5FCD-4401-8D88-0C28732BD77B}.DebugInt32in64|x86.ActiveCfg = DebugInt32in64|Win32
		{D9F58E8D-5FCD-4401-8D88-0C28732BD77B}.DebugInterpreted|ARM64.ActiveCfg = DebugInt32in64|ARM64
		{D9F58E8D-5FCD-4401-8D88-0C28732BD77B}.DebugInterpreted|ARM64.Build.0 = DebugInt32in64|ARM64
		{D9F58E8D-5FCD-4401-8D88-0C28732BD77B}.DebugInterpreted|x64.ActiveCfg = Debug|x64
		{D9F58E8D-5FCD-4401-8D88-0C28732BD77B}.DebugInterpreted|x86.ActiveCfg = Debug|Win32
		{D9F58E8D-5FCD-4401-8D88-0C28732BD77B}.DebugInterpreted|x86.Build.0 = Debug|Win32
		{D9F58E8D-5FCD-4401-8D88-0C28732BD77B}.Release|ARM64.ActiveCfg = Release|ARM64
		{D9F58E8D-5FCD-4401-8D88-0C28732BD77B}.Release|ARM64.Build.0 = Release|ARM64
		{D9F58E8D-5FCD-4401-8D88-0C28732BD77B}.Release|x64.ActiveCfg = Release|x64
		{D9F58E8D-5FCD-4401-8D88-0C28732BD77B}.Release|x64.Build.0 = Release|x64
		{D9F58E8D-5FCD-4401-8D88-0C28732BD77B}.Release|x86.ActiveCfg = Release|Win32
		{D9F58E8D-5FCD-4401-8D88-0C28732BD77B}.Release|x86.Build.0 = Release|Win32
		{D9F58E8D-5FCD-4401-8D88-0C28732BD77B}.Release32in64|ARM64.ActiveCfg = Release32in64|ARM64
		{D9F58E8D-5FCD-4401-8D88-0C28732BD77B}.Release32in64|ARM64.Build.0 = Release32in64|ARM64
		{D9F58E8D-5FCD-4401-8D88-0C28732BD77B}.Release32in64|x64.ActiveCfg = Release32in64|x64
		{D9F58E8D-5FCD-4401-8D88-0C28732BD77B}.Release32in64|x64.Build.0 = Release32in64|x64
		{D9F58E8D-5FCD-4401-8D88-0C28732BD77B}.Release32in64|x86.ActiveCfg = Release32in64|Win32
		{D9F58E8D-5FCD-4401-8D88-0C28732BD77B}.Release32in64Large|ARM64.ActiveCfg = Release32in64Large|ARM64
		{D9F58E8D-5FCD-4401-8D88-0C28732BD77B}.Release32in64Large|ARM64.Build.0 = Release32in64Large|ARM64
		{D9F58E8D-5FCD-4401-8D88-0C28732BD77B}.Release32in64Large|x64.ActiveCfg = Release32in64Large|x64
		{D9F58E8D-5FCD-4401-8D88-0C28732BD77B}.Release32in64Large|x64.Build.0 = Release32in64Large|x64
		{D9F58E8D-5FCD-4401-8D88-0C28732BD77B}.Release32in64Large|x86.ActiveCfg = Release32in64Large|Win32
		{D9F58E8D-5FCD-4401-8D88-0C28732BD77B}.Release32in64Large|x86.Build.0 = Release32in64Large|Win32
		{D9F58E8D-5FCD-4401-8D88-0C28732BD77B}.ReleaseInt32in64|ARM64.ActiveCfg = ReleaseInt32in64|ARM64
		{D9F58E8D-5FCD-4401-8D88-0C28732BD77B}.ReleaseInt32in64|ARM64.Build.0 = ReleaseInt32in64|ARM64
		{D9F58E8D-5FCD-4401-8D88-0C28732BD77B}.ReleaseInt32in64|x64.ActiveCfg = ReleaseInt32in64|x64
		{D9F58E8D-5FCD-4401-8D88-0C28732BD77B}.ReleaseInt32in64|x64.Build.0 = ReleaseInt32in64|x64
		{D9F58E8D-5FCD-4401-8D88-0C28732BD77B}.ReleaseInt32in64|x86.ActiveCfg = ReleaseInt32in64|Win32
		{D9F58E8D-5FCD-4401-8D88-0C28732BD77B}.ReleaseInterpreted|ARM64.ActiveCfg = ReleaseInt32in64|ARM64
		{D9F58E8D-5FCD-4401-8D88-0C28732BD77B}.ReleaseInterpreted|ARM64.Build.0 = ReleaseInt32in64|ARM64
		{D9F58E8D-5FCD-4401-8D88-0C28732BD77B}.ReleaseInterpreted|x64.ActiveCfg = Release|x64
		{D9F58E8D-5FCD-4401-8D88-0C28732BD77B}.ReleaseInterpreted|x64.Build.0 = Release|x64
		{D9F58E8D-5FCD-4401-8D88-0C28732BD77B}.ReleaseInterpreted|x86.ActiveCfg = Release|Win32
		{D9F58E8D-5FCD-4401-8D88-0C28732BD77B}.ReleaseInterpreted|x86.Build.0 = Release|Win32
		{788BA1C9-699E-4F92-9FAF-C7437A419042}.Debug|ARM64.ActiveCfg = Debug|x86
		{788BA1C9-699E-4F92-9FAF-C7437A419042}.Debug|x64.ActiveCfg = Debug|x86
		{788BA1C9-699E-4F92-9FAF-C7437A419042}.Debug|x86.ActiveCfg = Debug|x86
		{788BA1C9-699E-4F92-9FAF-C7437A419042}.Debug32in64|ARM64.ActiveCfg = Release|x64
		{788BA1C9-699E-4F92-9FAF-C7437A419042}.Debug32in64|x64.ActiveCfg = Debug|x64
		{788BA1C9-699E-4F92-9FAF-C7437A419042}.Debug32in64|x86.ActiveCfg = Debug|x86
		{788BA1C9-699E-4F92-9FAF-C7437A419042}.Debug32in64Large|ARM64.ActiveCfg = Int32in64Debug|x64
		{788BA1C9-699E-4F92-9FAF-C7437A419042}.Debug32in64Large|x64.ActiveCfg = Int32in64Debug|x64
		{788BA1C9-699E-4F92-9FAF-C7437A419042}.Debug32in64Large|x86.ActiveCfg = Int32in64Debug|x86
		{788BA1C9-699E-4F92-9FAF-C7437A419042}.Debug32in64Large|x86.Build.0 = Int32in64Debug|x86
		{788BA1C9-699E-4F92-9FAF-C7437A419042}.DebugInt32in64|ARM64.ActiveCfg = Release|x64
		{788BA1C9-699E-4F92-9FAF-C7437A419042}.DebugInt32in64|x64.ActiveCfg = Debug|x64
		{788BA1C9-699E-4F92-9FAF-C7437A419042}.DebugInt32in64|x86.ActiveCfg = Debug|x86
		{788BA1C9-699E-4F92-9FAF-C7437A419042}.DebugInterpreted|ARM64.ActiveCfg = Release|x64
		{788BA1C9-699E-4F92-9FAF-C7437A419042}.DebugInterpreted|x64.ActiveCfg = Release|x86
		{788BA1C9-699E-4F92-9FAF-C7437A419042}.DebugInterpreted|x86.ActiveCfg = Debug|x86
		{788BA1C9-699E-4F92-9FAF-C7437A419042}.Release|ARM64.ActiveCfg = Release|x86
		{788BA1C9-699E-4F92-9FAF-C7437A419042}.Release|x64.ActiveCfg = Release|x64
		{788BA1C9-699E-4F92-9FAF-C7437A419042}.Release|x64.Build.0 = Release|x64
		{788BA1C9-699E-4F92-9FAF-C7437A419042}.Release|x86.ActiveCfg = Release|x86
		{788BA1C9-699E-4F92-9FAF-C7437A419042}.Release|x86.Build.0 = Release|x86
		{788BA1C9-699E-4F92-9FAF-C7437A419042}.Release32in64|ARM64.ActiveCfg = Release|x64
		{788BA1C9-699E-4F92-9FAF-C7437A419042}.Release32in64|x64.ActiveCfg = Release|x64
		{788BA1C9-699E-4F92-9FAF-C7437A419042}.Release32in64|x64.Build.0 = Release|x64
		{788BA1C9-699E-4F92-9FAF-C7437A419042}.Release32in64|x86.ActiveCfg = Release|x86
		{788BA1C9-699E-4F92-9FAF-C7437A419042}.Release32in64Large|ARM64.ActiveCfg = Int32in64Debug|x64
		{788BA1C9-699E-4F92-9FAF-C7437A419042}.Release32in64Large|x64.ActiveCfg = Int32in64Debug|x64
		{788BA1C9-699E-4F92-9FAF-C7437A419042}.Release32in64Large|x86.ActiveCfg = Int32in64Debug|x86
		{788BA1C9-699E-4F92-9FAF-C7437A419042}.Release32in64Large|x86.Build.0 = Int32in64Debug|x86
		{788BA1C9-699E-4F92-9FAF-C7437A419042}.ReleaseInt32in64|ARM64.ActiveCfg = Release|x64
		{788BA1C9-699E-4F92-9FAF-C7437A419042}.ReleaseInt32in64|x64.ActiveCfg = Release|x64
		{788BA1C9-699E-4F92-9FAF-C7437A419042}.ReleaseInt32in64|x86.ActiveCfg = Release|x86
		{788BA1C9-699E-4F92-9FAF-C7437A419042}.ReleaseInterpreted|ARM64.ActiveCfg = Release|x64
		{788BA1C9-699E-4F92-9FAF-C7437A419042}.ReleaseInterpreted|x64.ActiveCfg = Release|x86
		{788BA1C9-699E-4F92-9FAF-C7437A419042}.ReleaseInterpreted|x86.ActiveCfg = Release|x86
		{D4DF6521-6183-4E24-A327-55C72519836E}.Debug|ARM64.ActiveCfg = Debug|ARM64
		{D4DF6521-6183-4E24-A327-55C72519836E}.Debug|ARM64.Build.0 = Debug|ARM64
		{D4DF6521-6183-4E24-A327-55C72519836E}.Debug|x64.ActiveCfg = Debug|x64
		{D4DF6521-6183-4E24-A327-55C72519836E}.Debug|x86.ActiveCfg = Debug|Win32
		{D4DF6521-6183-4E24-A327-55C72519836E}.Debug32in64|ARM64.ActiveCfg = Debug32in64|ARM64
		{D4DF6521-6183-4E24-A327-55C72519836E}.Debug32in64|ARM64.Build.0 = Debug32in64|ARM64
		{D4DF6521-6183-4E24-A327-55C72519836E}.Debug32in64|x64.ActiveCfg = Debug32in64|x64
		{D4DF6521-6183-4E24-A327-55C72519836E}.Debug32in64|x86.ActiveCfg = Debug32in64|Win32
		{D4DF6521-6183-4E24-A327-55C72519836E}.Debug32in64Large|ARM64.ActiveCfg = Debug32in64Large|ARM64
		{D4DF6521-6183-4E24-A327-55C72519836E}.Debug32in64Large|x64.ActiveCfg = Debug32in64Large|x64
		{D4DF6521-6183-4E24-A327-55C72519836E}.Debug32in64Large|x86.ActiveCfg = Debug32in64Large|Win32
		{D4DF6521-6183-4E24-A327-55C72519836E}.DebugInt32in64|ARM64.ActiveCfg = DebugInt32in64|ARM64
		{D4DF6521-6183-4E24-A327-55C72519836E}.DebugInt32in64|x64.ActiveCfg = DebugInt32in64|x64
		{D4DF6521-6183-4E24-A327-55C72519836E}.DebugInt32in64|x86.ActiveCfg = DebugInt32in64|Win32
		{D4DF6521-6183-4E24-A327-55C72519836E}.DebugInterpreted|ARM64.ActiveCfg = DebugInt32in64|ARM64
		{D4DF6521-6183-4E24-A327-55C72519836E}.DebugInterpreted|ARM64.Build.0 = DebugInt32in64|ARM64
		{D4DF6521-6183-4E24-A327-55C72519836E}.DebugInterpreted|x64.ActiveCfg = Debug|x64
		{D4DF6521-6183-4E24-A327-55C72519836E}.DebugInterpreted|x86.ActiveCfg = Debug|Win32
		{D4DF6521-6183-4E24-A327-55C72519836E}.Release|ARM64.ActiveCfg = Release|ARM64
		{D4DF6521-6183-4E24-A327-55C72519836E}.Release|ARM64.Build.0 = Release|ARM64
		{D4DF6521-6183-4E24-A327-55C72519836E}.Release|x64.ActiveCfg = Release|x64
		{D4DF6521-6183-4E24-A327-55C72519836E}.Release|x64.Build.0 = Release|x64
		{D4DF6521-6183-4E24-A327-55C72519836E}.Release|x86.ActiveCfg = Release|Win32
		{D4DF6521-6183-4E24-A327-55C72519836E}.Release|x86.Build.0 = Release|Win32
		{D4DF6521-6183-4E24-A327-55C72519836E}.Release32in64|ARM64.ActiveCfg = Release32in64|ARM64
		{D4DF6521-6183-4E24-A327-55C72519836E}.Release32in64|ARM64.Build.0 = Release32in64|ARM64
		{D4DF6521-6183-4E24-A327-55C72519836E}.Release32in64|x64.ActiveCfg = Release32in64|x64
		{D4DF6521-6183-4E24-A327-55C72519836E}.Release32in64|x64.Build.0 = Release32in64|x64
		{D4DF6521-6183-4E24-A327-55C72519836E}.Release32in64|x86.ActiveCfg = Release32in64|Win32
		{D4DF6521-6183-4E24-A327-55C72519836E}.Release32in64Large|ARM64.ActiveCfg = Release32in64Large|ARM64
		{D4DF6521-6183-4E24-A327-55C72519836E}.Release32in64Large|ARM64.Build.0 = Release32in64Large|ARM64
		{D4DF6521-6183-4E24-A327-55C72519836E}.Release32in64Large|x64.ActiveCfg = Release32in64Large|x64
		{D4DF6521-6183-4E24-A327-55C72519836E}.Release32in64Large|x64.Build.0 = Release32in64Large|x64
		{D4DF6521-6183-4E24-A327-55C72519836E}.Release32in64Large|x86.ActiveCfg = Release32in64Large|Win32
		{D4DF6521-6183-4E24-A327-55C72519836E}.Release32in64Large|x86.Build.0 = Release32in64Large|Win32
		{D4DF6521-6183-4E24-A327-55C72519836E}.ReleaseInt32in64|ARM64.ActiveCfg = ReleaseInt32in64|ARM64
		{D4DF6521-6183-4E24-A327-55C72519836E}.ReleaseInt32in64|x64.ActiveCfg = ReleaseInt32in64|x64
		{D4DF6521-6183-4E24-A327-55C72519836E}.ReleaseInt32in64|x86.ActiveCfg = ReleaseInt32in64|Win32
		{D4DF6521-6183-4E24-A327-55C72519836E}.ReleaseInterpreted|ARM64.ActiveCfg = ReleaseInt32in64|ARM64
		{D4DF6521-6183-4E24-A327-55C72519836E}.ReleaseInterpreted|ARM64.Build.0 = ReleaseInt32in64|ARM64
		{D4DF6521-6183-4E24-A327-55C72519836E}.ReleaseInterpreted|x64.ActiveCfg = Release|x64
		{D4DF6521-6183-4E24-A327-55C72519836E}.ReleaseInterpreted|x64.Build.0 = Release|x64
		{D4DF6521-6183-4E24-A327-55C72519836E}.ReleaseInterpreted|x86.ActiveCfg = Release|Win32
		{1BA3E7A2-D64F-4CE3-9FE5-7846B855C19F}.Debug|ARM64.ActiveCfg = Debug|ARM64
		{1BA3E7A2-D64F-4CE3-9FE5-7846B855C19F}.Debug|ARM64.Build.0 = Debug|ARM64
		{1BA3E7A2-D64F-4CE3-9FE5-7846B855C19F}.Debug|x64.ActiveCfg = Debug|x64
		{1BA3E7A2-D64F-4CE3-9FE5-7846B855C19F}.Debug|x64.Build.0 = Debug|x64
		{1BA3E7A2-D64F-4CE3-9FE5-7846B855C19F}.Debug|x86.ActiveCfg = Debug|Win32
		{1BA3E7A2-D64F-4CE3-9FE5-7846B855C19F}.Debug|x86.Build.0 = Debug|Win32
		{1BA3E7A2-D64F-4CE3-9FE5-7846B855C19F}.Debug32in64|ARM64.ActiveCfg = Debug32in64|ARM64
		{1BA3E7A2-D64F-4CE3-9FE5-7846B855C19F}.Debug32in64|ARM64.Build.0 = Debug32in64|ARM64
		{1BA3E7A2-D64F-4CE3-9FE5-7846B855C19F}.Debug32in64|x64.ActiveCfg = Debug32in64|x64
		{1BA3E7A2-D64F-4CE3-9FE5-7846B855C19F}.Debug32in64|x64.Build.0 = Debug32in64|x64
		{1BA3E7A2-D64F-4CE3-9FE5-7846B855C19F}.Debug32in64|x86.ActiveCfg = Debug32in64|Win32
		{1BA3E7A2-D64F-4CE3-9FE5-7846B855C19F}.Debug32in64Large|ARM64.ActiveCfg = Debug32in64Large|ARM64
		{1BA3E7A2-D64F-4CE3-9FE5-7846B855C19F}.Debug32in64Large|ARM64.Build.0 = Debug32in64Large|ARM64
		{1BA3E7A2-D64F-4CE3-9FE5-7846B855C19F}.Debug32in64Large|x64.ActiveCfg = Debug32in64Large|x64
		{1BA3E7A2-D64F-4CE3-9FE5-7846B855C19F}.Debug32in64Large|x64.Build.0 = Debug32in64Large|x64
		{1BA3E7A2-D64F-4CE3-9FE5-7846B855C19F}.Debug32in64Large|x86.ActiveCfg = Debug32in64Large|Win32
		{1BA3E7A2-D64F-4CE3-9FE5-7846B855C19F}.Debug32in64Large|x86.Build.0 = Debug32in64Large|Win32
		{1BA3E7A2-D64F-4CE3-9FE5-7846B855C19F}.DebugInt32in64|ARM64.ActiveCfg = DebugInt32in64|ARM64
		{1BA3E7A2-D64F-4CE3-9FE5-7846B855C19F}.DebugInt32in64|ARM64.Build.0 = DebugInt32in64|ARM64
		{1BA3E7A2-D64F-4CE3-9FE5-7846B855C19F}.DebugInt32in64|x64.ActiveCfg = DebugInt32in64|x64
		{1BA3E7A2-D64F-4CE3-9FE5-7846B855C19F}.DebugInt32in64|x64.Build.0 = DebugInt32in64|x64
		{1BA3E7A2-D64F-4CE3-9FE5-7846B855C19F}.DebugInt32in64|x86.ActiveCfg = DebugInt32in64|Win32
		{1BA3E7A2-D64F-4CE3-9FE5-7846B855C19F}.DebugInterpreted|ARM64.ActiveCfg = DebugInterpreted|ARM64
		{1BA3E7A2-D64F-4CE3-9FE5-7846B855C19F}.DebugInterpreted|ARM64.Build.0 = DebugInterpreted|ARM64
		{1BA3E7A2-D64F-4CE3-9FE5-7846B855C19F}.DebugInterpreted|x64.ActiveCfg = DebugInterpreted|x64
		{1BA3E7A2-D64F-4CE3-9FE5-7846B855C19F}.DebugInterpreted|x64.Build.0 = DebugInterpreted|x64
		{1BA3E7A2-D64F-4CE3-9FE5-7846B855C19F}.DebugInterpreted|x86.ActiveCfg = DebugInterpreted|Win32
		{1BA3E7A2-D64F-4CE3-9FE5-7846B855C19F}.DebugInterpreted|x86.Build.0 = DebugInterpreted|Win32
		{1BA3E7A2-D64F-4CE3-9FE5-7846B855C19F}.Release|ARM64.ActiveCfg = Release|ARM64
		{1BA3E7A2-D64F-4CE3-9FE5-7846B855C19F}.Release|ARM64.Build.0 = Release|ARM64
		{1BA3E7A2-D64F-4CE3-9FE5-7846B855C19F}.Release|x64.ActiveCfg = Release|x64
		{1BA3E7A2-D64F-4CE3-9FE5-7846B855C19F}.Release|x64.Build.0 = Release|x64
		{1BA3E7A2-D64F-4CE3-9FE5-7846B855C19F}.Release|x86.ActiveCfg = Release|Win32
		{1BA3E7A2-D64F-4CE3-9FE5-7846B855C19F}.Release|x86.Build.0 = Release|Win32
		{1BA3E7A2-D64F-4CE3-9FE5-7846B855C19F}.Release32in64|ARM64.ActiveCfg = Release32in64|ARM64
		{1BA3E7A2-D64F-4CE3-9FE5-7846B855C19F}.Release32in64|ARM64.Build.0 = Release32in64|ARM64
		{1BA3E7A2-D64F-4CE3-9FE5-7846B855C19F}.Release32in64|x64.ActiveCfg = Release32in64|x64
		{1BA3E7A2-D64F-4CE3-9FE5-7846B855C19F}.Release32in64|x64.Build.0 = Release32in64|x64
		{1BA3E7A2-D64F-4CE3-9FE5-7846B855C19F}.Release32in64|x86.ActiveCfg = Release32in64|Win32
		{1BA3E7A2-D64F-4CE3-9FE5-7846B855C19F}.Release32in64Large|ARM64.ActiveCfg = Release32in64Large|ARM64
		{1BA3E7A2-D64F-4CE3-9FE5-7846B855C19F}.Release32in64Large|ARM64.Build.0 = Release32in64Large|ARM64
		{1BA3E7A2-D64F-4CE3-9FE5-7846B855C19F}.Release32in64Large|x64.ActiveCfg = Release32in64Large|x64
		{1BA3E7A2-D64F-4CE3-9FE5-7846B855C19F}.Release32in64Large|x64.Build.0 = Release32in64Large|x64
		{1BA3E7A2-D64F-4CE3-9FE5-7846B855C19F}.Release32in64Large|x86.ActiveCfg = Release32in64Large|Win32
		{1BA3E7A2-D64F-4CE3-9FE5-7846B855C19F}.Release32in64Large|x86.Build.0 = Release32in64Large|Win32
		{1BA3E7A2-D64F-4CE3-9FE5-7846B855C19F}.ReleaseInt32in64|ARM64.ActiveCfg = ReleaseInt32in64|ARM64
		{1BA3E7A2-D64F-4CE3-9FE5-7846B855C19F}.ReleaseInt32in64|ARM64.Build.0 = ReleaseInt32in64|ARM64
		{1BA3E7A2-D64F-4CE3-9FE5-7846B855C19F}.ReleaseInt32in64|x64.ActiveCfg = ReleaseInt32in64|x64
		{1BA3E7A2-D64F-4CE3-9FE5-7846B855C19F}.ReleaseInt32in64|x64.Build.0 = ReleaseInt32in64|x64
		{1BA3E7A2-D64F-4CE3-9FE5-7846B855C19F}.ReleaseInt32in64|x86.ActiveCfg = ReleaseInt32in64|Win32
		{1BA3E7A2-D64F-4CE3-9FE5-7846B855C19F}.ReleaseInterpreted|ARM64.ActiveCfg = ReleaseInterpreted|ARM64
		{1BA3E7A2-D64F-4CE3-9FE5-7846B855C19F}.ReleaseInterpreted|ARM64.Build.0 = ReleaseInterpreted|ARM64
		{1BA3E7A2-D64F-4CE3-9FE5-7846B855C19F}.ReleaseInterpreted|x64.ActiveCfg = ReleaseInterpreted|x64
		{1BA3E7A2-D64F-4CE3-9FE5-7846B855C19F}.ReleaseInterpreted|x64.Build.0 = ReleaseInterpreted|x64
		{1BA3E7A2-D64F-4CE3-9FE5-7846B855C19F}.ReleaseInterpreted|x86.ActiveCfg = ReleaseInterpreted|Win32
		{1BA3E7A2-D64F-4CE3-9FE5-7846B855C19F}.ReleaseInterpreted|x86.Build.0 = ReleaseInterpreted|Win32
	EndGlobalSection
	GlobalSection(SolutionProperties) = preSolution
		HideSolutionNode = FALSE
	EndGlobalSection
	GlobalSection(ExtensibilityGlobals) = postSolution
		SolutionGuid = {6A887FEB-7CBC-45F3-B955-CE757AE81106}
	EndGlobalSection
EndGlobal
